
Microsoft Visual Studio Solution File, Format Version 12.00
# Visual Studio Version 17
VisualStudioVersion = 17.4.33205.214
MinimumVisualStudioVersion = 10.0.40219.1
Project("{9A19103F-16F7-4668-BE54-9A1E7A4F7556}") = "TagBrowser", "StackoverflowTagBrowser\TagBrowser.csproj", "{1AAC538B-3C62-4336-BD94-7A44482DB5F6}"
EndProject
Global
	GlobalSection(SolutionConfigurationPlatforms) = preSolution
		Debug|Any CPU = Debug|Any CPU
		Release|Any CPU = Release|Any CPU
	EndGlobalSection
	GlobalSection(ProjectConfigurationPlatforms) = postSolution
		{1AAC538B-3C62-4336-BD94-7A44482DB5F6}.Debug|Any CPU.ActiveCfg = Debug|Any CPU
		{1AAC538B-3C62-4336-BD94-7A44482DB5F6}.Debug|Any CPU.Build.0 = Debug|Any CPU
		{1AAC538B-3C62-4336-BD94-7A44482DB5F6}.Release|Any CPU.ActiveCfg = Release|Any CPU
		{1AAC538B-3C62-4336-BD94-7A44482DB5F6}.Release|Any CPU.Build.0 = Release|Any CPU
	EndGlobalSection
	GlobalSection(SolutionProperties) = preSolution
		HideSolutionNode = FALSE
	EndGlobalSection
	GlobalSection(ExtensibilityGlobals) = postSolution
		SolutionGuid = {27362CA0-20CD-49D9-9DEB-D03D92DFAEA3}
	EndGlobalSection
EndGlobal
